
Microsoft Visual Studio Solution File, Format Version 12.00
# Visual Studio Version 17
VisualStudioVersion = 17.11.35312.102
MinimumVisualStudioVersion = 10.0.40219.1
Project("{9A19103F-16F7-4668-BE54-9A1E7A4F7556}") = "AttendanceProcessor", "..\..\..\Downloads\AttendanceProcessor\AttendanceProcessor\AttendanceProcessor.csproj", "{F8B65295-B105-4ABB-9489-0F5501F1CA37}"
EndProject
Project("{2150E333-8FDC-42A3-9474-1A3956D46DE8}") = "Solution Items", "Solution Items", "{D0A3B245-EDF6-4464-94A3-CA199028C882}"
	ProjectSection(SolutionItems) = preProject
		.gitignore = .gitignore
	EndProjectSection
EndProject
Global
	GlobalSection(SolutionConfigurationPlatforms) = preSolution
		Debug|Any CPU = Debug|Any CPU
		Release|Any CPU = Release|Any CPU
	EndGlobalSection
	GlobalSection(ProjectConfigurationPlatforms) = postSolution
		{F8B65295-B105-4ABB-9489-0F5501F1CA37}.Debug|Any CPU.ActiveCfg = Debug|Any CPU
		{F8B65295-B105-4ABB-9489-0F5501F1CA37}.Debug|Any CPU.Build.0 = Debug|Any CPU
		{F8B65295-B105-4ABB-9489-0F5501F1CA37}.Release|Any CPU.ActiveCfg = Release|Any CPU
		{F8B65295-B105-4ABB-9489-0F5501F1CA37}.Release|Any CPU.Build.0 = Release|Any CPU
	EndGlobalSection
	GlobalSection(SolutionProperties) = preSolution
		HideSolutionNode = FALSE
	EndGlobalSection
	GlobalSection(ExtensibilityGlobals) = postSolution
		SolutionGuid = {26BABE18-482F-4C0A-B713-8A0D5FC4FE25}
	EndGlobalSection
EndGlobal
